{
    "_readme": [
        "This file locks the dependencies of your project to a known state",
        "Read more about it at https://getcomposer.org/doc/01-basic-usage.md#composer-lock-the-lock-file",
        "This file is @generated automatically"
    ],
    "content-hash": "4b4a6713cf1de9d383432f89e61f87f4",
    "packages": [
        {
            "name": "kartik-v/bootstrap-star-rating",
            "version": "dev-master",
            "source": {
                "type": "git",
                "url": "https://github.com/kartik-v/bootstrap-star-rating.git",
                "reference": "21d6f2a56a9bdb646e6f91d8ead6641c58e92b03"
            },
            "dist": {
                "type": "zip",
                "url": "https://api.github.com/repos/kartik-v/bootstrap-star-rating/zipball/21d6f2a56a9bdb646e6f91d8ead6641c58e92b03",
                "reference": "21d6f2a56a9bdb646e6f91d8ead6641c58e92b03",
                "shasum": ""
            },
            "type": "library",
            "extra": {
                "branch-alias": {
                    "dev-master": "4.0.x-dev"
                }
            },
            "notification-url": "https://packagist.org/downloads/",
            "license": [
                "BSD-3-Clause"
            ],
            "authors": [
                {
                    "name": "Kartik Visweswaran",
                    "email": "kartikv2@gmail.com",
                    "homepage": "http://www.krajee.com/"
                }
            ],
            "description": "A simple yet powerful JQuery star rating plugin for Bootstrap.",
            "homepage": "https://github.com/kartik-v/bootstrap-star-rating",
            "keywords": [
                "Rating",
                "awesome",
                "bootstrap",
                "font",
                "glyphicon",
                "star",
                "svg"
            ],
            "time": "2017-04-17 10:59:10"
        }
    ],
    "packages-dev": [],
    "aliases": [],
    "minimum-stability": "stable",
    "stability-flags": {
        "kartik-v/bootstrap-star-rating": 20
    },
    "prefer-stable": false,
    "prefer-lowest": false,
    "platform": [],
    "platform-dev": []
}
